<?xml version="1.0" encoding="utf-8"?>
<Project ToolsVersion="4.0" xmlns="http://schemas.microsoft.com/developer/msbuild/2003">
  <ItemGroup>
    <ClCompile Include="Render\Camera.cpp">
      <Filter>Render</Filter>
    </ClCompile>
    <ClCompile Include="Render\Render.cpp">
      <Filter>Render</Filter>
    </ClCompile>
    <ClCompile Include="RenderUtils.cpp" />
    <ClCompile Include="main.cpp" />
    <ClCompile Include="callbacks.cpp" />
    <ClCompile Include="Particle.cpp" />
    <ClCompile Include="ParticleForceRegistry.cpp">
      <Filter>Forces</Filter>
    </ClCompile>
    <ClCompile Include="GravityForceGenerator.cpp">
      <Filter>Forces</Filter>
    </ClCompile>
    <ClCompile Include="ParticleDragGenerator.cpp">
      <Filter>Forces</Filter>
    </ClCompile>
    <ClCompile Include="Generator.cpp" />
    <ClCompile Include="WindForceGenerator.cpp">
      <Filter>Forces</Filter>
    </ClCompile>
    <ClCompile Include="Scene.cpp" />
    <ClCompile Include="WhirlwindForceGenerator.cpp">
      <Filter>Forces</Filter>
    </ClCompile>
    <ClCompile Include="ExplosionForceGenerator.cpp">
      <Filter>Forces</Filter>
    </ClCompile>
    <ClCompile Include="SpringForceGenerator.cpp">
      <Filter>Forces</Filter>
    </ClCompile>
    <ClCompile Include="AnchoredSpringFG.cpp">
      <Filter>Forces</Filter>
    </ClCompile>
    <ClCompile Include="ParticleBungee.cpp" />
    <ClCompile Include="BuoyancyForceGenerator.cpp">
      <Filter>Forces</Filter>
    </ClCompile>
    <ClCompile Include="RBForceGenerator.cpp">
      <Filter>RB</Filter>
    </ClCompile>
    <ClCompile Include="RBSystem.cpp">
      <Filter>RB</Filter>
    </ClCompile>
    <ClCompile Include="RBWindForceGenerator.cpp">
      <Filter>RB</Filter>
    </ClCompile>
  </ItemGroup>
  <ItemGroup>
    <ClInclude Include="core.hpp" />
    <ClInclude Include="Render\Camera.h">
      <Filter>Render</Filter>
    </ClInclude>
    <ClInclude Include="Render\Render.h">
      <Filter>Render</Filter>
    </ClInclude>
    <ClInclude Include="RenderUtils.hpp" />
    <ClInclude Include="callbacks.hpp" />
    <ClInclude Include="Particle.h" />
    <ClInclude Include="ForceGenerator.h">
      <Filter>Forces</Filter>
    </ClInclude>
    <ClInclude Include="ParticleForceRegistry.h">
      <Filter>Forces</Filter>
    </ClInclude>
    <ClInclude Include="GravityForceGenerator.h">
      <Filter>Forces</Filter>
    </ClInclude>
    <ClInclude Include="ParticleDragGenerator.h">
      <Filter>Forces</Filter>
    </ClInclude>
    <ClInclude Include="Generator.h" />
    <ClInclude Include="WindForceGenerator.h">
      <Filter>Forces</Filter>
    </ClInclude>
    <ClInclude Include="Scene.h" />
    <ClInclude Include="WhirlwindForceGenerator.h">
      <Filter>Forces</Filter>
    </ClInclude>
    <ClInclude Include="ExplosionForceGenerator.h">
      <Filter>Forces</Filter>
    </ClInclude>
    <ClInclude Include="SpringForceGenerator.h">
      <Filter>Forces</Filter>
    </ClInclude>
    <ClInclude Include="AnchoredSpringFG.h">
      <Filter>Forces</Filter>
    </ClInclude>
    <ClInclude Include="ParticleBungee.h" />
    <ClInclude Include="BuoyancyForceGenerator.h">
      <Filter>Forces</Filter>
    </ClInclude>
    <ClInclude Include="RBForceGenerator.h">
      <Filter>RB</Filter>
    </ClInclude>
    <ClInclude Include="RBSystem.h">
      <Filter>RB</Filter>
    </ClInclude>
    <ClInclude Include="RBWindForceGenerator.h">
      <Filter>RB</Filter>
    </ClInclude>
  </ItemGroup>
  <ItemGroup>
    <Filter Include="Render">
      <UniqueIdentifier>{d04b4f9f-5a69-465e-8070-25c6d0bcd3c2}</UniqueIdentifier>
    </Filter>
    <Filter Include="Forces">
      <UniqueIdentifier>{146bbd38-007d-40c8-8946-8777d81eda5d}</UniqueIdentifier>
    </Filter>
    <Filter Include="RB">
      <UniqueIdentifier>{5a88629b-c2b9-40be-bbfd-ffa4005e0cc4}</UniqueIdentifier>
    </Filter>
  </ItemGroup>
</Project>